
Microsoft Visual Studio Solution File, Format Version 10.00
# Visual Studio 2008
Project("{FAE04EC0-301F-11D3-BF4B-00C04F79EFBC}") = "freshpac", "freshpac\freshpac.csproj", "{49CD79DB-111E-479F-B908-80D603AC10D8}"
EndProject
Project("{FAE04EC0-301F-11D3-BF4B-00C04F79EFBC}") = "WriteKey", "WriteKey\WriteKey.csproj", "{9C8814D1-35F6-4015-BFE8-B9A160B06B98}"
EndProject
Project("{54435603-DBB4-11D2-8724-00A0C9A8B90C}") = "Install", "Install\Install.vdproj", "{02C5D1DD-6950-4EDE-BF21-4EAD6EA5ACB7}"
EndProject
Global
	GlobalSection(SolutionConfigurationPlatforms) = preSolution
		Debug|Any CPU = Debug|Any CPU
		Release|Any CPU = Release|Any CPU
	EndGlobalSection
	GlobalSection(ProjectConfigurationPlatforms) = postSolution
		{49CD79DB-111E-479F-B908-80D603AC10D8}.Debug|Any CPU.ActiveCfg = Debug|Any CPU
		{49CD79DB-111E-479F-B908-80D603AC10D8}.Debug|Any CPU.Build.0 = Debug|Any CPU
		{49CD79DB-111E-479F-B908-80D603AC10D8}.Release|Any CPU.ActiveCfg = Release|Any CPU
		{49CD79DB-111E-479F-B908-80D603AC10D8}.Release|Any CPU.Build.0 = Release|Any CPU
		{9C8814D1-35F6-4015-BFE8-B9A160B06B98}.Debug|Any CPU.ActiveCfg = Debug|Any CPU
		{9C8814D1-35F6-4015-BFE8-B9A160B06B98}.Debug|Any CPU.Build.0 = Debug|Any CPU
		{9C8814D1-35F6-4015-BFE8-B9A160B06B98}.Release|Any CPU.ActiveCfg = Release|Any CPU
		{9C8814D1-35F6-4015-BFE8-B9A160B06B98}.Release|Any CPU.Build.0 = Release|Any CPU
		{02C5D1DD-6950-4EDE-BF21-4EAD6EA5ACB7}.Debug|Any CPU.ActiveCfg = Debug
		{02C5D1DD-6950-4EDE-BF21-4EAD6EA5ACB7}.Release|Any CPU.ActiveCfg = Release
	EndGlobalSection
	GlobalSection(SolutionProperties) = preSolution
		HideSolutionNode = FALSE
	EndGlobalSection
EndGlobal
